// !$*UTF8*$!
{
	archiveVersion = 1;
	classes = {
	};
	objectVersion = 56;
	objects = {

/* Begin PBXBuildFile section */
		390B94AE2922CD4900D2EC69 /* FriendsViewController.swift in Sources */ = {isa = PBXBuildFile; fileRef = 390B94AD2922CD4900D2EC69 /* FriendsViewController.swift */; };
		390B94B02922D08100D2EC69 /* FriendsViewCell.swift in Sources */ = {isa = PBXBuildFile; fileRef = 390B94AF2922D08100D2EC69 /* FriendsViewCell.swift */; };
		390B94B62923F4A100D2EC69 /* GroupsController.swift in Sources */ = {isa = PBXBuildFile; fileRef = 390B94B52923F4A100D2EC69 /* GroupsController.swift */; };
		390B94B82923F50800D2EC69 /* GroupsViewCell.swift in Sources */ = {isa = PBXBuildFile; fileRef = 390B94B72923F50800D2EC69 /* GroupsViewCell.swift */; };
		390B94BD29265C4800D2EC69 /* MyGroupsCell.swift in Sources */ = {isa = PBXBuildFile; fileRef = 390B94BC29265C4800D2EC69 /* MyGroupsCell.swift */; };
		390B94BF2926619400D2EC69 /* MyGroupsController.swift in Sources */ = {isa = PBXBuildFile; fileRef = 390B94BE2926619400D2EC69 /* MyGroupsController.swift */; };
		39DF011729198B4400E147BA /* AppDelegate.swift in Sources */ = {isa = PBXBuildFile; fileRef = 39DF011629198B4400E147BA /* AppDelegate.swift */; };
		39DF011929198B4400E147BA /* SceneDelegate.swift in Sources */ = {isa = PBXBuildFile; fileRef = 39DF011829198B4400E147BA /* SceneDelegate.swift */; };
		39DF011B29198B4400E147BA /* ViewController.swift in Sources */ = {isa = PBXBuildFile; fileRef = 39DF011A29198B4400E147BA /* ViewController.swift */; };
		39DF011E29198B4400E147BA /* Main.storyboard in Resources */ = {isa = PBXBuildFile; fileRef = 39DF011C29198B4400E147BA /* Main.storyboard */; };
		39DF012029198B4500E147BA /* Assets.xcassets in Resources */ = {isa = PBXBuildFile; fileRef = 39DF011F29198B4500E147BA /* Assets.xcassets */; };
		39DF012329198B4500E147BA /* LaunchScreen.storyboard in Resources */ = {isa = PBXBuildFile; fileRef = 39DF012129198B4500E147BA /* LaunchScreen.storyboard */; };
/* End PBXBuildFile section */

/* Begin PBXFileReference section */
		390B94AD2922CD4900D2EC69 /* FriendsViewController.swift */ = {isa = PBXFileReference; lastKnownFileType = sourcecode.swift; path = FriendsViewController.swift; sourceTree = "<group>"; };
		390B94AF2922D08100D2EC69 /* FriendsViewCell.swift */ = {isa = PBXFileReference; lastKnownFileType = sourcecode.swift; path = FriendsViewCell.swift; sourceTree = "<group>"; };
		390B94B52923F4A100D2EC69 /* GroupsController.swift */ = {isa = PBXFileReference; lastKnownFileType = sourcecode.swift; path = GroupsController.swift; sourceTree = "<group>"; };
		390B94B72923F50800D2EC69 /* GroupsViewCell.swift */ = {isa = PBXFileReference; lastKnownFileType = sourcecode.swift; path = GroupsViewCell.swift; sourceTree = "<group>"; };
		390B94BC29265C4800D2EC69 /* MyGroupsCell.swift */ = {isa = PBXFileReference; lastKnownFileType = sourcecode.swift; path = MyGroupsCell.swift; sourceTree = "<group>"; };
		390B94BE2926619400D2EC69 /* MyGroupsController.swift */ = {isa = PBXFileReference; lastKnownFileType = sourcecode.swift; path = MyGroupsController.swift; sourceTree = "<group>"; };
		39DF011329198B4400E147BA /* VCClient.app */ = {isa = PBXFileReference; explicitFileType = wrapper.application; includeInIndex = 0; path = VCClient.app; sourceTree = BUILT_PRODUCTS_DIR; };
		39DF011629198B4400E147BA /* AppDelegate.swift */ = {isa = PBXFileReference; lastKnownFileType = sourcecode.swift; path = AppDelegate.swift; sourceTree = "<group>"; };
		39DF011829198B4400E147BA /* SceneDelegate.swift */ = {isa = PBXFileReference; lastKnownFileType = sourcecode.swift; path = SceneDelegate.swift; sourceTree = "<group>"; };
		39DF011A29198B4400E147BA /* ViewController.swift */ = {isa = PBXFileReference; lastKnownFileType = sourcecode.swift; path = ViewController.swift; sourceTree = "<group>"; };
		39DF011D29198B4400E147BA /* Base */ = {isa = PBXFileReference; lastKnownFileType = file.storyboard; name = Base; path = Base.lproj/Main.storyboard; sourceTree = "<group>"; };
		39DF011F29198B4500E147BA /* Assets.xcassets */ = {isa = PBXFileReference; lastKnownFileType = folder.assetcatalog; path = Assets.xcassets; sourceTree = "<group>"; };
		39DF012229198B4500E147BA /* Base */ = {isa = PBXFileReference; lastKnownFileType = file.storyboard; name = Base; path = Base.lproj/LaunchScreen.storyboard; sourceTree = "<group>"; };
		39DF012429198B4500E147BA /* Info.plist */ = {isa = PBXFileReference; lastKnownFileType = text.plist.xml; path = Info.plist; sourceTree = "<group>"; };
/* End PBXFileReference section */

/* Begin PBXFrameworksBuildPhase section */
		39DF011029198B4400E147BA /* Frameworks */ = {
			isa = PBXFrameworksBuildPhase;
			buildActionMask = 2147483647;
			files = (
			);
			runOnlyForDeploymentPostprocessing = 0;
		};
/* End PBXFrameworksBuildPhase section */

/* Begin PBXGroup section */
		390B94AC2922CCE500D2EC69 /* Friends */ = {
			isa = PBXGroup;
			children = (
				390B94AD2922CD4900D2EC69 /* FriendsViewController.swift */,
				390B94AF2922D08100D2EC69 /* FriendsViewCell.swift */,
			);
			path = Friends;
			sourceTree = "<group>";
		};
		390B94B22923F35000D2EC69 /* AllGroups */ = {
			isa = PBXGroup;
			children = (
				390B94B52923F4A100D2EC69 /* GroupsController.swift */,
				390B94B72923F50800D2EC69 /* GroupsViewCell.swift */,
			);
			path = AllGroups;
			sourceTree = "<group>";
		};
		390B94B9292655DE00D2EC69 /* MyGroups */ = {
			isa = PBXGroup;
			children = (
				390B94BE2926619400D2EC69 /* MyGroupsController.swift */,
				390B94BC29265C4800D2EC69 /* MyGroupsCell.swift */,
			);
			path = MyGroups;
			sourceTree = "<group>";
		};
		39DF010A29198B4400E147BA = {
			isa = PBXGroup;
			children = (
				39DF011529198B4400E147BA /* VCClient */,
				39DF011429198B4400E147BA /* Products */,
			);
			sourceTree = "<group>";
		};
		39DF011429198B4400E147BA /* Products */ = {
			isa = PBXGroup;
			children = (
				39DF011329198B4400E147BA /* VCClient.app */,
			);
			name = Products;
			sourceTree = "<group>";
		};
		39DF011529198B4400E147BA /* VCClient */ = {
			isa = PBXGroup;
			children = (
				390B94B9292655DE00D2EC69 /* MyGroups */,
				390B94B22923F35000D2EC69 /* AllGroups */,
				390B94AC2922CCE500D2EC69 /* Friends */,
				39DF011629198B4400E147BA /* AppDelegate.swift */,
				39DF011829198B4400E147BA /* SceneDelegate.swift */,
				39DF011A29198B4400E147BA /* ViewController.swift */,
				39DF011C29198B4400E147BA /* Main.storyboard */,
				39DF011F29198B4500E147BA /* Assets.xcassets */,
				39DF012129198B4500E147BA /* LaunchScreen.storyboard */,
				39DF012429198B4500E147BA /* Info.plist */,
			);
			path = VCClient;
			sourceTree = "<group>";
		};
/* End PBXGroup section */

/* Begin PBXNativeTarget section */
		39DF011229198B4400E147BA /* VCClient */ = {
			isa = PBXNativeTarget;
			buildConfigurationList = 39DF012729198B4500E147BA /* Build configuration list for PBXNativeTarget "VCClient" */;
			buildPhases = (
				39DF010F29198B4400E147BA /* Sources */,
				39DF011029198B4400E147BA /* Frameworks */,
				39DF011129198B4400E147BA /* Resources */,
			);
			buildRules = (
			);
			dependencies = (
			);
			name = VCClient;
			productName = VCClient;
			productReference = 39DF011329198B4400E147BA /* VCClient.app */;
			productType = "com.apple.product-type.application";
		};
/* End PBXNativeTarget section */

/* Begin PBXProject section */
		39DF010B29198B4400E147BA /* Project object */ = {
			isa = PBXProject;
			attributes = {
				BuildIndependentTargetsInParallel = 1;
				LastSwiftUpdateCheck = 1410;
				LastUpgradeCheck = 1410;
				TargetAttributes = {
					39DF011229198B4400E147BA = {
						CreatedOnToolsVersion = 14.1;
					};
				};
			};
			buildConfigurationList = 39DF010E29198B4400E147BA /* Build configuration list for PBXProject "VCClient" */;
			compatibilityVersion = "Xcode 14.0";
			developmentRegion = en;
			hasScannedForEncodings = 0;
			knownRegions = (
				en,
				Base,
			);
			mainGroup = 39DF010A29198B4400E147BA;
			productRefGroup = 39DF011429198B4400E147BA /* Products */;
			projectDirPath = "";
			projectRoot = "";
			targets = (
				39DF011229198B4400E147BA /* VCClient */,
			);
		};
/* End PBXProject section */

/* Begin PBXResourcesBuildPhase section */
		39DF011129198B4400E147BA /* Resources */ = {
			isa = PBXResourcesBuildPhase;
			buildActionMask = 2147483647;
			files = (
				39DF012329198B4500E147BA /* LaunchScreen.storyboard in Resources */,
				39DF012029198B4500E147BA /* Assets.xcassets in Resources */,
				39DF011E29198B4400E147BA /* Main.storyboard in Resources */,
			);
			runOnlyForDeploymentPostprocessing = 0;
		};
/* End PBXResourcesBuildPhase section */

/* Begin PBXSourcesBuildPhase section */
		39DF010F29198B4400E147BA /* Sources */ = {
			isa = PBXSourcesBuildPhase;
			buildActionMask = 2147483647;
			files = (
				390B94AE2922CD4900D2EC69 /* FriendsViewController.swift in Sources */,
				390B94B62923F4A100D2EC69 /* GroupsController.swift in Sources */,
				39DF011B29198B4400E147BA /* ViewController.swift in Sources */,
				39DF011729198B4400E147BA /* AppDelegate.swift in Sources */,
				390B94BF2926619400D2EC69 /* MyGroupsController.swift in Sources */,
				39DF011929198B4400E147BA /* SceneDelegate.swift in Sources */,
				390B94BD29265C4800D2EC69 /* MyGroupsCell.swift in Sources */,
				390B94B82923F50800D2EC69 /* GroupsViewCell.swift in Sources */,
				390B94B02922D08100D2EC69 /* FriendsViewCell.swift in Sources */,
			);
			runOnlyForDeploymentPostprocessing = 0;
		};
/* End PBXSourcesBuildPhase section */

/* Begin PBXVariantGroup section */
		39DF011C29198B4400E147BA /* Main.storyboard */ = {
			isa = PBXVariantGroup;
			children = (
				39DF011D29198B4400E147BA /* Base */,
			);
			name = Main.storyboard;
			sourceTree = "<group>";
		};
		39DF012129198B4500E147BA /* LaunchScreen.storyboard */ = {
			isa = PBXVariantGroup;
			children = (
				39DF012229198B4500E147BA /* Base */,
			);
			name = LaunchScreen.storyboard;
			sourceTree = "<group>";
		};
/* End PBXVariantGroup section */

/* Begin XCBuildConfiguration section */
		39DF012529198B4500E147BA /* Debug */ = {
			isa = XCBuildConfiguration;
			buildSettings = {
				ALWAYS_SEARCH_USER_PATHS = NO;
				CLANG_ANALYZER_NONNULL = YES;
				CLANG_ANALYZER_NUMBER_OBJECT_CONVERSION = YES_AGGRESSIVE;
				CLANG_CXX_LANGUAGE_STANDARD = "gnu++20";
				CLANG_ENABLE_MODULES = YES;
				CLANG_ENABLE_OBJC_ARC = YES;
				CLANG_ENABLE_OBJC_WEAK = YES;
				CLANG_WARN_BLOCK_CAPTURE_AUTORELEASING = YES;
				CLANG_WARN_BOOL_CONVERSION = YES;
				CLANG_WARN_COMMA = YES;
				CLANG_WARN_CONSTANT_CONVERSION = YES;
				CLANG_WARN_DEPRECATED_OBJC_IMPLEMENTATIONS = YES;
				CLANG_WARN_DIRECT_OBJC_ISA_USAGE = YES_ERROR;
				CLANG_WARN_DOCUMENTATION_COMMENTS = YES;
				CLANG_WARN_EMPTY_BODY = YES;
				CLANG_WARN_ENUM_CONVERSION = YES;
				CLANG_WARN_INFINITE_RECURSION = YES;
				CLANG_WARN_INT_CONVERSION = YES;
				CLANG_WARN_NON_LITERAL_NULL_CONVERSION = YES;
				CLANG_WARN_OBJC_IMPLICIT_RETAIN_SELF = YES;
				CLANG_WARN_OBJC_LITERAL_CONVERSION = YES;
				CLANG_WARN_OBJC_ROOT_CLASS = YES_ERROR;
				CLANG_WARN_QUOTED_INCLUDE_IN_FRAMEWORK_HEADER = YES;
				CLANG_WARN_RANGE_LOOP_ANALYSIS = YES;
				CLANG_WARN_STRICT_PROTOTYPES = YES;
				CLANG_WARN_SUSPICIOUS_MOVE = YES;
				CLANG_WARN_UNGUARDED_AVAILABILITY = YES_AGGRESSIVE;
				CLANG_WARN_UNREACHABLE_CODE = YES;
				CLANG_WARN__DUPLICATE_METHOD_MATCH = YES;
				COPY_PHASE_STRIP = NO;
				DEBUG_INFORMATION_FORMAT = dwarf;
				ENABLE_STRICT_OBJC_MSGSEND = YES;
				ENABLE_TESTABILITY = YES;
				GCC_C_LANGUAGE_STANDARD = gnu11;
				GCC_DYNAMIC_NO_PIC = NO;
				GCC_NO_COMMON_BLOCKS = YES;
				GCC_OPTIMIZATION_LEVEL = 0;
				GCC_PREPROCESSOR_DEFINITIONS = (
					"DEBUG=1",
					"$(inherited)",
				);
				GCC_WARN_64_TO_32_BIT_CONVERSION = YES;
				GCC_WARN_ABOUT_RETURN_TYPE = YES_ERROR;
				GCC_WARN_UNDECLARED_SELECTOR = YES;
				GCC_WARN_UNINITIALIZED_AUTOS = YES_AGGRESSIVE;
				GCC_WARN_UNUSED_FUNCTION = YES;
				GCC_WARN_UNUSED_VARIABLE = YES;
				IPHONEOS_DEPLOYMENT_TARGET = 16.1;
				MTL_ENABLE_DEBUG_INFO = INCLUDE_SOURCE;
				MTL_FAST_MATH = YES;
				ONLY_ACTIVE_ARCH = YES;
				SDKROOT = iphoneos;
				SWIFT_ACTIVE_COMPILATION_CONDITIONS = DEBUG;
				SWIFT_OPTIMIZATION_LEVEL = "-Onone";
			};
			name = Debug;
		};
		39DF012629198B4500E147BA /* Release */ = {
			isa = XCBuildConfiguration;
			buildSettings = {
				ALWAYS_SEARCH_USER_PATHS = NO;
				CLANG_ANALYZER_NONNULL = YES;
				CLANG_ANALYZER_NUMBER_OBJECT_CONVERSION = YES_AGGRESSIVE;
				CLANG_CXX_LANGUAGE_STANDARD = "gnu++20";
				CLANG_ENABLE_MODULES = YES;
				CLANG_ENABLE_OBJC_ARC = YES;
				CLANG_ENABLE_OBJC_WEAK = YES;
				CLANG_WARN_BLOCK_CAPTURE_AUTORELEASING = YES;
				CLANG_WARN_BOOL_CONVERSION = YES;
				CLANG_WARN_COMMA = YES;
				CLANG_WARN_CONSTANT_CONVERSION = YES;
				CLANG_WARN_DEPRECATED_OBJC_IMPLEMENTATIONS = YES;
				CLANG_WARN_DIRECT_OBJC_ISA_USAGE = YES_ERROR;
				CLANG_WARN_DOCUMENTATION_COMMENTS = YES;
				CLANG_WARN_EMPTY_BODY = YES;
				CLANG_WARN_ENUM_CONVERSION = YES;
				CLANG_WARN_INFINITE_RECURSION = YES;
				CLANG_WARN_INT_CONVERSION = YES;
				CLANG_WARN_NON_LITERAL_NULL_CONVERSION = YES;
				CLANG_WARN_OBJC_IMPLICIT_RETAIN_SELF = YES;
				CLANG_WARN_OBJC_LITERAL_CONVERSION = YES;
				CLANG_WARN_OBJC_ROOT_CLASS = YES_ERROR;
				CLANG_WARN_QUOTED_INCLUDE_IN_FRAMEWORK_HEADER = YES;
				CLANG_WARN_RANGE_LOOP_ANALYSIS = YES;
				CLANG_WARN_STRICT_PROTOTYPES = YES;
				CLANG_WARN_SUSPICIOUS_MOVE = YES;
				CLANG_WARN_UNGUARDED_AVAILABILITY = YES_AGGRESSIVE;
				CLANG_WARN_UNREACHABLE_CODE = YES;
				CLANG_WARN__DUPLICATE_METHOD_MATCH = YES;
				COPY_PHASE_STRIP = NO;
				DEBUG_INFORMATION_FORMAT = "dwarf-with-dsym";
				ENABLE_NS_ASSERTIONS = NO;
				ENABLE_STRICT_OBJC_MSGSEND = YES;
				GCC_C_LANGUAGE_STANDARD = gnu11;
				GCC_NO_COMMON_BLOCKS = YES;
				GCC_WARN_64_TO_32_BIT_CONVERSION = YES;
				GCC_WARN_ABOUT_RETURN_TYPE = YES_ERROR;
				GCC_WARN_UNDECLARED_SELECTOR = YES;
				GCC_WARN_UNINITIALIZED_AUTOS = YES_AGGRESSIVE;
				GCC_WARN_UNUSED_FUNCTION = YES;
				GCC_WARN_UNUSED_VARIABLE = YES;
				IPHONEOS_DEPLOYMENT_TARGET = 16.1;
				MTL_ENABLE_DEBUG_INFO = NO;
				MTL_FAST_MATH = YES;
				SDKROOT = iphoneos;
				SWIFT_COMPILATION_MODE = wholemodule;
				SWIFT_OPTIMIZATION_LEVEL = "-O";
				VALIDATE_PRODUCT = YES;
			};
			name = Release;
		};
		39DF012829198B4500E147BA /* Debug */ = {
			isa = XCBuildConfiguration;
			buildSettings = {
				ASSETCATALOG_COMPILER_APPICON_NAME = AppIcon;
				ASSETCATALOG_COMPILER_GLOBAL_ACCENT_COLOR_NAME = AccentColor;
				CODE_SIGN_STYLE = Automatic;
				CURRENT_PROJECT_VERSION = 1;
				DEVELOPMENT_TEAM = VDCDT85HSK;
				GENERATE_INFOPLIST_FILE = YES;
				INFOPLIST_FILE = VCClient/Info.plist;
				INFOPLIST_KEY_UIApplicationSupportsIndirectInputEvents = YES;
				INFOPLIST_KEY_UILaunchStoryboardName = LaunchScreen;
				INFOPLIST_KEY_UIMainStoryboardFile = Main;
				INFOPLIST_KEY_UISupportedInterfaceOrientations_iPad = "UIInterfaceOrientationPortrait UIInterfaceOrientationPortraitUpsideDown UIInterfaceOrientationLandscapeLeft UIInterfaceOrientationLandscapeRight";
				INFOPLIST_KEY_UISupportedInterfaceOrientations_iPhone = "UIInterfaceOrientationPortrait UIInterfaceOrientationLandscapeLeft UIInterfaceOrientationLandscapeRight";
				LD_RUNPATH_SEARCH_PATHS = (
					"$(inherited)",
					"@executable_path/Frameworks",
				);
				MARKETING_VERSION = 1.0;
				PRODUCT_BUNDLE_IDENTIFIER = com.IgorPavlov.VCClient;
				PRODUCT_NAME = "$(TARGET_NAME)";
				SWIFT_EMIT_LOC_STRINGS = YES;
				SWIFT_VERSION = 5.0;
				TARGETED_DEVICE_FAMILY = "1,2";
			};
			name = Debug;
		};
		39DF012929198B4500E147BA /* Release */ = {
			isa = XCBuildConfiguration;
			buildSettings = {
				ASSETCATALOG_COMPILER_APPICON_NAME = AppIcon;
				ASSETCATALOG_COMPILER_GLOBAL_ACCENT_COLOR_NAME = AccentColor;
				CODE_SIGN_STYLE = Automatic;
				CURRENT_PROJECT_VERSION = 1;
				DEVELOPMENT_TEAM = VDCDT85HSK;
				GENERATE_INFOPLIST_FILE = YES;
				INFOPLIST_FILE = VCClient/Info.plist;
				INFOPLIST_KEY_UIApplicationSupportsIndirectInputEvents = YES;
				INFOPLIST_KEY_UILaunchStoryboardName = LaunchScreen;
				INFOPLIST_KEY_UIMainStoryboardFile = Main;
				INFOPLIST_KEY_UISupportedInterfaceOrientations_iPad = "UIInterfaceOrientationPortrait UIInterfaceOrientationPortraitUpsideDown UIInterfaceOrientationLandscapeLeft UIInterfaceOrientationLandscapeRight";
				INFOPLIST_KEY_UISupportedInterfaceOrientations_iPhone = "UIInterfaceOrientationPortrait UIInterfaceOrientationLandscapeLeft UIInterfaceOrientationLandscapeRight";
				LD_RUNPATH_SEARCH_PATHS = (
					"$(inherited)",
					"@executable_path/Frameworks",
				);
				MARKETING_VERSION = 1.0;
				PRODUCT_BUNDLE_IDENTIFIER = com.IgorPavlov.VCClient;
				PRODUCT_NAME = "$(TARGET_NAME)";
				SWIFT_EMIT_LOC_STRINGS = YES;
				SWIFT_VERSION = 5.0;
				TARGETED_DEVICE_FAMILY = "1,2";
			};
			name = Release;
		};
/* End XCBuildConfiguration section */

/* Begin XCConfigurationList section */
		39DF010E29198B4400E147BA /* Build configuration list for PBXProject "VCClient" */ = {
			isa = XCConfigurationList;
			buildConfigurations = (
				39DF012529198B4500E147BA /* Debug */,
				39DF012629198B4500E147BA /* Release */,
			);
			defaultConfigurationIsVisible = 0;
			defaultConfigurationName = Release;
		};
		39DF012729198B4500E147BA /* Build configuration list for PBXNativeTarget "VCClient" */ = {
			isa = XCConfigurationList;
			buildConfigurations = (
				39DF012829198B4500E147BA /* Debug */,
				39DF012929198B4500E147BA /* Release */,
			);
			defaultConfigurationIsVisible = 0;
			defaultConfigurationName = Release;
		};
/* End XCConfigurationList section */
	};
	rootObject = 39DF010B29198B4400E147BA /* Project object */;
}
